
Microsoft Visual Studio Solution File, Format Version 12.00
# Visual Studio Version 16
VisualStudioVersion = 16.0.29709.97
MinimumVisualStudioVersion = 10.0.40219.1
Project("{9A19103F-16F7-4668-BE54-9A1E7A4F7556}") = "CTWebAPI", "CTWebAPI.csproj", "{2AF28D4B-5796-4DD8-BF94-1CFFA3C4561B}"
EndProject
Project("{FAE04EC0-301F-11D3-BF4B-00C04F79EFBC}") = "CTWebApp", "..\CTWebApp\CTWebApp.csproj", "{28FB02A0-22F3-4D4C-8CEF-29AE688D580F}"
EndProject
Global
	GlobalSection(SolutionConfigurationPlatforms) = preSolution
		Debug|Any CPU = Debug|Any CPU
		Release|Any CPU = Release|Any CPU
	EndGlobalSection
	GlobalSection(ProjectConfigurationPlatforms) = postSolution
		{2AF28D4B-5796-4DD8-BF94-1CFFA3C4561B}.Debug|Any CPU.ActiveCfg = Debug|Any CPU
		{2AF28D4B-5796-4DD8-BF94-1CFFA3C4561B}.Debug|Any CPU.Build.0 = Debug|Any CPU
		{2AF28D4B-5796-4DD8-BF94-1CFFA3C4561B}.Release|Any CPU.ActiveCfg = Release|Any CPU
		{2AF28D4B-5796-4DD8-BF94-1CFFA3C4561B}.Release|Any CPU.Build.0 = Release|Any CPU
		{28FB02A0-22F3-4D4C-8CEF-29AE688D580F}.Debug|Any CPU.ActiveCfg = Debug|Any CPU
		{28FB02A0-22F3-4D4C-8CEF-29AE688D580F}.Debug|Any CPU.Build.0 = Debug|Any CPU
		{28FB02A0-22F3-4D4C-8CEF-29AE688D580F}.Release|Any CPU.ActiveCfg = Release|Any CPU
		{28FB02A0-22F3-4D4C-8CEF-29AE688D580F}.Release|Any CPU.Build.0 = Release|Any CPU
	EndGlobalSection
	GlobalSection(SolutionProperties) = preSolution
		HideSolutionNode = FALSE
	EndGlobalSection
	GlobalSection(ExtensibilityGlobals) = postSolution
		SolutionGuid = {83AC6FA1-56C6-41C2-9D65-28AAF29547A5}
	EndGlobalSection
EndGlobal
